
Microsoft Visual Studio Solution File, Format Version 12.00
# Visual Studio Version 17
VisualStudioVersion = 17.7.34221.43
MinimumVisualStudioVersion = 10.0.40219.1
Project("{FAE04EC0-301F-11D3-BF4B-00C04F79EFBC}") = "knowledge check 2", "knowledge check 2\knowledge check 2.csproj", "{81C9C8B5-E106-4B5A-8D8C-1DB1B3851BCE}"
EndProject
Global
	GlobalSection(SolutionConfigurationPlatforms) = preSolution
		Debug|Any CPU = Debug|Any CPU
		Release|Any CPU = Release|Any CPU
	EndGlobalSection
	GlobalSection(ProjectConfigurationPlatforms) = postSolution
		{81C9C8B5-E106-4B5A-8D8C-1DB1B3851BCE}.Debug|Any CPU.ActiveCfg = Debug|Any CPU
		{81C9C8B5-E106-4B5A-8D8C-1DB1B3851BCE}.Debug|Any CPU.Build.0 = Debug|Any CPU
		{81C9C8B5-E106-4B5A-8D8C-1DB1B3851BCE}.Release|Any CPU.ActiveCfg = Release|Any CPU
		{81C9C8B5-E106-4B5A-8D8C-1DB1B3851BCE}.Release|Any CPU.Build.0 = Release|Any CPU
	EndGlobalSection
	GlobalSection(SolutionProperties) = preSolution
		HideSolutionNode = FALSE
	EndGlobalSection
	GlobalSection(ExtensibilityGlobals) = postSolution
		SolutionGuid = {3316CC85-06F9-4E3D-8D3E-231D737CAD5C}
	EndGlobalSection
EndGlobal
